// !$*UTF8*$!
{
	archiveVersion = 1;
	classes = {
	};
	objectVersion = 55;
	objects = {

/* Begin PBXBuildFile section */
		2B4AF69F2746D9A5003F8200 /* InfoPlist.strings in Resources */ = {isa = PBXBuildFile; fileRef = 2B4AF6A12746D9A5003F8200 /* InfoPlist.strings */; };
		2B6651622717024200563295 /* Main.xcdatamodeld in Sources */ = {isa = PBXBuildFile; fileRef = 2B6651602717024200563295 /* Main.xcdatamodeld */; };
		2B665164271704FB00563295 /* Persistence.swift in Sources */ = {isa = PBXBuildFile; fileRef = 2B665163271704FB00563295 /* Persistence.swift */; };
		2B96B2B1270DED290093D43B /* BirthdayList.swift in Sources */ = {isa = PBXBuildFile; fileRef = 2B96B2B0270DED290093D43B /* BirthdayList.swift */; };
		2B96B2B3270DEDA00093D43B /* FirstLaunchView.swift in Sources */ = {isa = PBXBuildFile; fileRef = 2B96B2B2270DEDA00093D43B /* FirstLaunchView.swift */; };
		2B96B2B5270DEDBA0093D43B /* FirstLaunch.swift in Sources */ = {isa = PBXBuildFile; fileRef = 2B96B2B4270DEDBA0093D43B /* FirstLaunch.swift */; };
		2B96B2B7270DEDDD0093D43B /* BirthdayListView.swift in Sources */ = {isa = PBXBuildFile; fileRef = 2B96B2B6270DEDDD0093D43B /* BirthdayListView.swift */; };
		2B96B2B9270DEE150093D43B /* ContactsViewer.swift in Sources */ = {isa = PBXBuildFile; fileRef = 2B96B2B8270DEE150093D43B /* ContactsViewer.swift */; };
		2B96B2BB270DEE290093D43B /* Notifications.swift in Sources */ = {isa = PBXBuildFile; fileRef = 2B96B2BA270DEE290093D43B /* Notifications.swift */; };
		2B96B2BD270DEE3B0093D43B /* DateExtensions.swift in Sources */ = {isa = PBXBuildFile; fileRef = 2B96B2BC270DEE3B0093D43B /* DateExtensions.swift */; };
		2B96EBB42742986700DB3F51 /* SettingsView.swift in Sources */ = {isa = PBXBuildFile; fileRef = 2B96EBB32742986700DB3F51 /* SettingsView.swift */; };
		2B96EBB62742987500DB3F51 /* Settings.swift in Sources */ = {isa = PBXBuildFile; fileRef = 2B96EBB52742987500DB3F51 /* Settings.swift */; };
		2BD0C850270DE97F0047B273 /* BirthdaysApp.swift in Sources */ = {isa = PBXBuildFile; fileRef = 2BD0C84F270DE97F0047B273 /* BirthdaysApp.swift */; };
		2BD0C854270DE9800047B273 /* Assets.xcassets in Resources */ = {isa = PBXBuildFile; fileRef = 2BD0C853270DE9800047B273 /* Assets.xcassets */; };
		2BD0C857270DE9800047B273 /* Preview Assets.xcassets in Resources */ = {isa = PBXBuildFile; fileRef = 2BD0C856270DE9800047B273 /* Preview Assets.xcassets */; };
		2BD756272721921E0014DAAF /* BirthdayStore.swift in Sources */ = {isa = PBXBuildFile; fileRef = 2BD756262721921E0014DAAF /* BirthdayStore.swift */; };
		2BE86C7B27678E280051CBBB /* Log.swift in Sources */ = {isa = PBXBuildFile; fileRef = 2BE86C7A27678E280051CBBB /* Log.swift */; };
		2BEEDEFE274E46BB000A5B72 /* BirthdayListTests.swift in Sources */ = {isa = PBXBuildFile; fileRef = 2BEEDEFD274E46BB000A5B72 /* BirthdayListTests.swift */; };
		2BF253D5274570C800036F95 /* Localizable.strings in Resources */ = {isa = PBXBuildFile; fileRef = 2BF253D7274570C800036F95 /* Localizable.strings */; };
/* End PBXBuildFile section */

/* Begin PBXContainerItemProxy section */
		2BD0C85D270DE9810047B273 /* PBXContainerItemProxy */ = {
			isa = PBXContainerItemProxy;
			containerPortal = 2BD0C844270DE97F0047B273 /* Project object */;
			proxyType = 1;
			remoteGlobalIDString = 2BD0C84B270DE97F0047B273;
			remoteInfo = Birthdays;
		};
/* End PBXContainerItemProxy section */

/* Begin PBXFileReference section */
		2B4AF6A02746D9A5003F8200 /* en */ = {isa = PBXFileReference; lastKnownFileType = text.plist.strings; name = en; path = en.lproj/InfoPlist.strings; sourceTree = "<group>"; };
		2B4AF6A22746D9A7003F8200 /* ru */ = {isa = PBXFileReference; lastKnownFileType = text.plist.strings; name = ru; path = ru.lproj/InfoPlist.strings; sourceTree = "<group>"; };
		2B6651612717024200563295 /* Main.xcdatamodel */ = {isa = PBXFileReference; lastKnownFileType = wrapper.xcdatamodel; path = Main.xcdatamodel; sourceTree = "<group>"; };
		2B665163271704FB00563295 /* Persistence.swift */ = {isa = PBXFileReference; lastKnownFileType = sourcecode.swift; path = Persistence.swift; sourceTree = "<group>"; };
		2B96B2B0270DED290093D43B /* BirthdayList.swift */ = {isa = PBXFileReference; lastKnownFileType = sourcecode.swift; path = BirthdayList.swift; sourceTree = "<group>"; };
		2B96B2B2270DEDA00093D43B /* FirstLaunchView.swift */ = {isa = PBXFileReference; lastKnownFileType = sourcecode.swift; path = FirstLaunchView.swift; sourceTree = "<group>"; };
		2B96B2B4270DEDBA0093D43B /* FirstLaunch.swift */ = {isa = PBXFileReference; lastKnownFileType = sourcecode.swift; path = FirstLaunch.swift; sourceTree = "<group>"; };
		2B96B2B6270DEDDD0093D43B /* BirthdayListView.swift */ = {isa = PBXFileReference; lastKnownFileType = sourcecode.swift; path = BirthdayListView.swift; sourceTree = "<group>"; };
		2B96B2B8270DEE150093D43B /* ContactsViewer.swift */ = {isa = PBXFileReference; lastKnownFileType = sourcecode.swift; path = ContactsViewer.swift; sourceTree = "<group>"; };
		2B96B2BA270DEE290093D43B /* Notifications.swift */ = {isa = PBXFileReference; lastKnownFileType = sourcecode.swift; path = Notifications.swift; sourceTree = "<group>"; };
		2B96B2BC270DEE3B0093D43B /* DateExtensions.swift */ = {isa = PBXFileReference; lastKnownFileType = sourcecode.swift; path = DateExtensions.swift; sourceTree = "<group>"; };
		2B96EBB32742986700DB3F51 /* SettingsView.swift */ = {isa = PBXFileReference; lastKnownFileType = sourcecode.swift; path = SettingsView.swift; sourceTree = "<group>"; };
		2B96EBB52742987500DB3F51 /* Settings.swift */ = {isa = PBXFileReference; lastKnownFileType = sourcecode.swift; path = Settings.swift; sourceTree = "<group>"; };
		2BD0C84C270DE97F0047B273 /* Birthdays.app */ = {isa = PBXFileReference; explicitFileType = wrapper.application; includeInIndex = 0; path = Birthdays.app; sourceTree = BUILT_PRODUCTS_DIR; };
		2BD0C84F270DE97F0047B273 /* BirthdaysApp.swift */ = {isa = PBXFileReference; lastKnownFileType = sourcecode.swift; path = BirthdaysApp.swift; sourceTree = "<group>"; };
		2BD0C853270DE9800047B273 /* Assets.xcassets */ = {isa = PBXFileReference; lastKnownFileType = folder.assetcatalog; path = Assets.xcassets; sourceTree = "<group>"; };
		2BD0C856270DE9800047B273 /* Preview Assets.xcassets */ = {isa = PBXFileReference; lastKnownFileType = folder.assetcatalog; path = "Preview Assets.xcassets"; sourceTree = "<group>"; };
		2BD0C85C270DE9810047B273 /* BirthdaysTests.xctest */ = {isa = PBXFileReference; explicitFileType = wrapper.cfbundle; includeInIndex = 0; path = BirthdaysTests.xctest; sourceTree = BUILT_PRODUCTS_DIR; };
		2BD756262721921E0014DAAF /* BirthdayStore.swift */ = {isa = PBXFileReference; lastKnownFileType = sourcecode.swift; path = BirthdayStore.swift; sourceTree = "<group>"; };
		2BE86C7A27678E280051CBBB /* Log.swift */ = {isa = PBXFileReference; lastKnownFileType = sourcecode.swift; path = Log.swift; sourceTree = "<group>"; };
		2BEEDEFD274E46BB000A5B72 /* BirthdayListTests.swift */ = {isa = PBXFileReference; lastKnownFileType = sourcecode.swift; path = BirthdayListTests.swift; sourceTree = "<group>"; };
		2BF253D6274570C800036F95 /* ru */ = {isa = PBXFileReference; lastKnownFileType = text.plist.strings; name = ru; path = ru.lproj/Localizable.strings; sourceTree = "<group>"; };
		2BF867DB27458172002251BD /* en */ = {isa = PBXFileReference; lastKnownFileType = text.plist.strings; name = en; path = en.lproj/Localizable.strings; sourceTree = "<group>"; };
/* End PBXFileReference section */

/* Begin PBXFrameworksBuildPhase section */
		2BD0C849270DE97F0047B273 /* Frameworks */ = {
			isa = PBXFrameworksBuildPhase;
			buildActionMask = 2147483647;
			files = (
			);
			runOnlyForDeploymentPostprocessing = 0;
		};
		2BD0C859270DE9810047B273 /* Frameworks */ = {
			isa = PBXFrameworksBuildPhase;
			buildActionMask = 2147483647;
			files = (
			);
			runOnlyForDeploymentPostprocessing = 0;
		};
/* End PBXFrameworksBuildPhase section */

/* Begin PBXGroup section */
		2B8C2F2027A8039B00A882AF /* ViewModel */ = {
			isa = PBXGroup;
			children = (
				2B96B2B4270DEDBA0093D43B /* FirstLaunch.swift */,
				2B96B2B0270DED290093D43B /* BirthdayList.swift */,
				2B96EBB52742987500DB3F51 /* Settings.swift */,
			);
			path = ViewModel;
			sourceTree = "<group>";
		};
		2B8C2F2127A803CA00A882AF /* Model */ = {
			isa = PBXGroup;
			children = (
				2BD756262721921E0014DAAF /* BirthdayStore.swift */,
			);
			path = Model;
			sourceTree = "<group>";
		};
		2B8C2F2227A803D400A882AF /* View */ = {
			isa = PBXGroup;
			children = (
				2B96B2B2270DEDA00093D43B /* FirstLaunchView.swift */,
				2B96B2B6270DEDDD0093D43B /* BirthdayListView.swift */,
				2B96EBB32742986700DB3F51 /* SettingsView.swift */,
			);
			path = View;
			sourceTree = "<group>";
		};
		2BD0C843270DE97F0047B273 = {
			isa = PBXGroup;
			children = (
				2BD0C84E270DE97F0047B273 /* Birthdays */,
				2BD0C85F270DE9810047B273 /* BirthdaysTests */,
				2BD0C84D270DE97F0047B273 /* Products */,
			);
			sourceTree = "<group>";
		};
		2BD0C84D270DE97F0047B273 /* Products */ = {
			isa = PBXGroup;
			children = (
				2BD0C84C270DE97F0047B273 /* Birthdays.app */,
				2BD0C85C270DE9810047B273 /* BirthdaysTests.xctest */,
			);
			name = Products;
			sourceTree = "<group>";
		};
		2BD0C84E270DE97F0047B273 /* Birthdays */ = {
			isa = PBXGroup;
			children = (
				2B8C2F2227A803D400A882AF /* View */,
				2B8C2F2127A803CA00A882AF /* Model */,
				2B8C2F2027A8039B00A882AF /* ViewModel */,
				2BD0C84F270DE97F0047B273 /* BirthdaysApp.swift */,
				2B96B2B8270DEE150093D43B /* ContactsViewer.swift */,
				2B96B2BA270DEE290093D43B /* Notifications.swift */,
				2B96B2BC270DEE3B0093D43B /* DateExtensions.swift */,
				2B665163271704FB00563295 /* Persistence.swift */,
				2BE86C7A27678E280051CBBB /* Log.swift */,
				2B6651602717024200563295 /* Main.xcdatamodeld */,
				2BD0C853270DE9800047B273 /* Assets.xcassets */,
				2B4AF6A12746D9A5003F8200 /* InfoPlist.strings */,
				2BF253D7274570C800036F95 /* Localizable.strings */,
				2BD0C855270DE9800047B273 /* Preview Content */,
			);
			path = Birthdays;
			sourceTree = "<group>";
		};
		2BD0C855270DE9800047B273 /* Preview Content */ = {
			isa = PBXGroup;
			children = (
				2BD0C856270DE9800047B273 /* Preview Assets.xcassets */,
			);
			path = "Preview Content";
			sourceTree = "<group>";
		};
		2BD0C85F270DE9810047B273 /* BirthdaysTests */ = {
			isa = PBXGroup;
			children = (
				2BEEDEFD274E46BB000A5B72 /* BirthdayListTests.swift */,
			);
			path = BirthdaysTests;
			sourceTree = "<group>";
		};
/* End PBXGroup section */

/* Begin PBXNativeTarget section */
		2BD0C84B270DE97F0047B273 /* Birthdays */ = {
			isa = PBXNativeTarget;
			buildConfigurationList = 2BD0C870270DE9810047B273 /* Build configuration list for PBXNativeTarget "Birthdays" */;
			buildPhases = (
				2BD0C848270DE97F0047B273 /* Sources */,
				2BD0C849270DE97F0047B273 /* Frameworks */,
				2BD0C84A270DE97F0047B273 /* Resources */,
			);
			buildRules = (
			);
			dependencies = (
			);
			name = Birthdays;
			productName = Birthdays;
			productReference = 2BD0C84C270DE97F0047B273 /* Birthdays.app */;
			productType = "com.apple.product-type.application";
		};
		2BD0C85B270DE9810047B273 /* BirthdaysTests */ = {
			isa = PBXNativeTarget;
			buildConfigurationList = 2BD0C873270DE9810047B273 /* Build configuration list for PBXNativeTarget "BirthdaysTests" */;
			buildPhases = (
				2BD0C858270DE9810047B273 /* Sources */,
				2BD0C859270DE9810047B273 /* Frameworks */,
				2BD0C85A270DE9810047B273 /* Resources */,
			);
			buildRules = (
			);
			dependencies = (
				2BD0C85E270DE9810047B273 /* PBXTargetDependency */,
			);
			name = BirthdaysTests;
			productName = BirthdaysTests;
			productReference = 2BD0C85C270DE9810047B273 /* BirthdaysTests.xctest */;
			productType = "com.apple.product-type.bundle.unit-test";
		};
/* End PBXNativeTarget section */

/* Begin PBXProject section */
		2BD0C844270DE97F0047B273 /* Project object */ = {
			isa = PBXProject;
			attributes = {
				BuildIndependentTargetsInParallel = 1;
				LastSwiftUpdateCheck = 1300;
				LastUpgradeCheck = 1300;
				TargetAttributes = {
					2BD0C84B270DE97F0047B273 = {
						CreatedOnToolsVersion = 13.0;
					};
					2BD0C85B270DE9810047B273 = {
						CreatedOnToolsVersion = 13.0;
						TestTargetID = 2BD0C84B270DE97F0047B273;
					};
				};
			};
			buildConfigurationList = 2BD0C847270DE97F0047B273 /* Build configuration list for PBXProject "Birthdays" */;
			compatibilityVersion = "Xcode 13.0";
			developmentRegion = en;
			hasScannedForEncodings = 0;
			knownRegions = (
				en,
				Base,
				ru,
			);
			mainGroup = 2BD0C843270DE97F0047B273;
			productRefGroup = 2BD0C84D270DE97F0047B273 /* Products */;
			projectDirPath = "";
			projectRoot = "";
			targets = (
				2BD0C84B270DE97F0047B273 /* Birthdays */,
				2BD0C85B270DE9810047B273 /* BirthdaysTests */,
			);
		};
/* End PBXProject section */

/* Begin PBXResourcesBuildPhase section */
		2BD0C84A270DE97F0047B273 /* Resources */ = {
			isa = PBXResourcesBuildPhase;
			buildActionMask = 2147483647;
			files = (
				2BD0C857270DE9800047B273 /* Preview Assets.xcassets in Resources */,
				2B4AF69F2746D9A5003F8200 /* InfoPlist.strings in Resources */,
				2BF253D5274570C800036F95 /* Localizable.strings in Resources */,
				2BD0C854270DE9800047B273 /* Assets.xcassets in Resources */,
			);
			runOnlyForDeploymentPostprocessing = 0;
		};
		2BD0C85A270DE9810047B273 /* Resources */ = {
			isa = PBXResourcesBuildPhase;
			buildActionMask = 2147483647;
			files = (
			);
			runOnlyForDeploymentPostprocessing = 0;
		};
/* End PBXResourcesBuildPhase section */

/* Begin PBXSourcesBuildPhase section */
		2BD0C848270DE97F0047B273 /* Sources */ = {
			isa = PBXSourcesBuildPhase;
			buildActionMask = 2147483647;
			files = (
				2B665164271704FB00563295 /* Persistence.swift in Sources */,
				2B96B2B7270DEDDD0093D43B /* BirthdayListView.swift in Sources */,
				2B96EBB62742987500DB3F51 /* Settings.swift in Sources */,
				2BD756272721921E0014DAAF /* BirthdayStore.swift in Sources */,
				2B96B2B3270DEDA00093D43B /* FirstLaunchView.swift in Sources */,
				2BD0C850270DE97F0047B273 /* BirthdaysApp.swift in Sources */,
				2B96B2B1270DED290093D43B /* BirthdayList.swift in Sources */,
				2B6651622717024200563295 /* Main.xcdatamodeld in Sources */,
				2B96B2BB270DEE290093D43B /* Notifications.swift in Sources */,
				2B96B2BD270DEE3B0093D43B /* DateExtensions.swift in Sources */,
				2B96EBB42742986700DB3F51 /* SettingsView.swift in Sources */,
				2BE86C7B27678E280051CBBB /* Log.swift in Sources */,
				2B96B2B9270DEE150093D43B /* ContactsViewer.swift in Sources */,
				2B96B2B5270DEDBA0093D43B /* FirstLaunch.swift in Sources */,
			);
			runOnlyForDeploymentPostprocessing = 0;
		};
		2BD0C858270DE9810047B273 /* Sources */ = {
			isa = PBXSourcesBuildPhase;
			buildActionMask = 2147483647;
			files = (
				2BEEDEFE274E46BB000A5B72 /* BirthdayListTests.swift in Sources */,
			);
			runOnlyForDeploymentPostprocessing = 0;
		};
/* End PBXSourcesBuildPhase section */

/* Begin PBXTargetDependency section */
		2BD0C85E270DE9810047B273 /* PBXTargetDependency */ = {
			isa = PBXTargetDependency;
			target = 2BD0C84B270DE97F0047B273 /* Birthdays */;
			targetProxy = 2BD0C85D270DE9810047B273 /* PBXContainerItemProxy */;
		};
/* End PBXTargetDependency section */

/* Begin PBXVariantGroup section */
		2B4AF6A12746D9A5003F8200 /* InfoPlist.strings */ = {
			isa = PBXVariantGroup;
			children = (
				2B4AF6A02746D9A5003F8200 /* en */,
				2B4AF6A22746D9A7003F8200 /* ru */,
			);
			name = InfoPlist.strings;
			sourceTree = "<group>";
		};
		2BF253D7274570C800036F95 /* Localizable.strings */ = {
			isa = PBXVariantGroup;
			children = (
				2BF253D6274570C800036F95 /* ru */,
				2BF867DB27458172002251BD /* en */,
			);
			name = Localizable.strings;
			sourceTree = "<group>";
		};
/* End PBXVariantGroup section */

/* Begin XCBuildConfiguration section */
		2BD0C86E270DE9810047B273 /* Debug */ = {
			isa = XCBuildConfiguration;
			buildSettings = {
				ALWAYS_SEARCH_USER_PATHS = NO;
				CLANG_ANALYZER_NONNULL = YES;
				CLANG_ANALYZER_NUMBER_OBJECT_CONVERSION = YES_AGGRESSIVE;
				CLANG_CXX_LANGUAGE_STANDARD = "gnu++17";
				CLANG_CXX_LIBRARY = "libc++";
				CLANG_ENABLE_MODULES = YES;
				CLANG_ENABLE_OBJC_ARC = YES;
				CLANG_ENABLE_OBJC_WEAK = YES;
				CLANG_WARN_BLOCK_CAPTURE_AUTORELEASING = YES;
				CLANG_WARN_BOOL_CONVERSION = YES;
				CLANG_WARN_COMMA = YES;
				CLANG_WARN_CONSTANT_CONVERSION = YES;
				CLANG_WARN_DEPRECATED_OBJC_IMPLEMENTATIONS = YES;
				CLANG_WARN_DIRECT_OBJC_ISA_USAGE = YES_ERROR;
				CLANG_WARN_DOCUMENTATION_COMMENTS = YES;
				CLANG_WARN_EMPTY_BODY = YES;
				CLANG_WARN_ENUM_CONVERSION = YES;
				CLANG_WARN_INFINITE_RECURSION = YES;
				CLANG_WARN_INT_CONVERSION = YES;
				CLANG_WARN_NON_LITERAL_NULL_CONVERSION = YES;
				CLANG_WARN_OBJC_IMPLICIT_RETAIN_SELF = YES;
				CLANG_WARN_OBJC_LITERAL_CONVERSION = YES;
				CLANG_WARN_OBJC_ROOT_CLASS = YES_ERROR;
				CLANG_WARN_QUOTED_INCLUDE_IN_FRAMEWORK_HEADER = YES;
				CLANG_WARN_RANGE_LOOP_ANALYSIS = YES;
				CLANG_WARN_STRICT_PROTOTYPES = YES;
				CLANG_WARN_SUSPICIOUS_MOVE = YES;
				CLANG_WARN_UNGUARDED_AVAILABILITY = YES_AGGRESSIVE;
				CLANG_WARN_UNREACHABLE_CODE = YES;
				CLANG_WARN__DUPLICATE_METHOD_MATCH = YES;
				COPY_PHASE_STRIP = NO;
				DEBUG_INFORMATION_FORMAT = dwarf;
				ENABLE_STRICT_OBJC_MSGSEND = YES;
				ENABLE_TESTABILITY = YES;
				GCC_C_LANGUAGE_STANDARD = gnu11;
				GCC_DYNAMIC_NO_PIC = NO;
				GCC_NO_COMMON_BLOCKS = YES;
				GCC_OPTIMIZATION_LEVEL = 0;
				GCC_PREPROCESSOR_DEFINITIONS = (
					"DEBUG=1",
					"$(inherited)",
				);
				GCC_WARN_64_TO_32_BIT_CONVERSION = YES;
				GCC_WARN_ABOUT_RETURN_TYPE = YES_ERROR;
				GCC_WARN_UNDECLARED_SELECTOR = YES;
				GCC_WARN_UNINITIALIZED_AUTOS = YES_AGGRESSIVE;
				GCC_WARN_UNUSED_FUNCTION = YES;
				GCC_WARN_UNUSED_VARIABLE = YES;
				IPHONEOS_DEPLOYMENT_TARGET = 15.0;
				MTL_ENABLE_DEBUG_INFO = INCLUDE_SOURCE;
				MTL_FAST_MATH = YES;
				ONLY_ACTIVE_ARCH = YES;
				SDKROOT = iphoneos;
				SWIFT_ACTIVE_COMPILATION_CONDITIONS = DEBUG;
				SWIFT_OPTIMIZATION_LEVEL = "-Onone";
			};
			name = Debug;
		};
		2BD0C86F270DE9810047B273 /* Release */ = {
			isa = XCBuildConfiguration;
			buildSettings = {
				ALWAYS_SEARCH_USER_PATHS = NO;
				CLANG_ANALYZER_NONNULL = YES;
				CLANG_ANALYZER_NUMBER_OBJECT_CONVERSION = YES_AGGRESSIVE;
				CLANG_CXX_LANGUAGE_STANDARD = "gnu++17";
				CLANG_CXX_LIBRARY = "libc++";
				CLANG_ENABLE_MODULES = YES;
				CLANG_ENABLE_OBJC_ARC = YES;
				CLANG_ENABLE_OBJC_WEAK = YES;
				CLANG_WARN_BLOCK_CAPTURE_AUTORELEASING = YES;
				CLANG_WARN_BOOL_CONVERSION = YES;
				CLANG_WARN_COMMA = YES;
				CLANG_WARN_CONSTANT_CONVERSION = YES;
				CLANG_WARN_DEPRECATED_OBJC_IMPLEMENTATIONS = YES;
				CLANG_WARN_DIRECT_OBJC_ISA_USAGE = YES_ERROR;
				CLANG_WARN_DOCUMENTATION_COMMENTS = YES;
				CLANG_WARN_EMPTY_BODY = YES;
				CLANG_WARN_ENUM_CONVERSION = YES;
				CLANG_WARN_INFINITE_RECURSION = YES;
				CLANG_WARN_INT_CONVERSION = YES;
				CLANG_WARN_NON_LITERAL_NULL_CONVERSION = YES;
				CLANG_WARN_OBJC_IMPLICIT_RETAIN_SELF = YES;
				CLANG_WARN_OBJC_LITERAL_CONVERSION = YES;
				CLANG_WARN_OBJC_ROOT_CLASS = YES_ERROR;
				CLANG_WARN_QUOTED_INCLUDE_IN_FRAMEWORK_HEADER = YES;
				CLANG_WARN_RANGE_LOOP_ANALYSIS = YES;
				CLANG_WARN_STRICT_PROTOTYPES = YES;
				CLANG_WARN_SUSPICIOUS_MOVE = YES;
				CLANG_WARN_UNGUARDED_AVAILABILITY = YES_AGGRESSIVE;
				CLANG_WARN_UNREACHABLE_CODE = YES;
				CLANG_WARN__DUPLICATE_METHOD_MATCH = YES;
				COPY_PHASE_STRIP = NO;
				DEBUG_INFORMATION_FORMAT = "dwarf-with-dsym";
				ENABLE_NS_ASSERTIONS = NO;
				ENABLE_STRICT_OBJC_MSGSEND = YES;
				GCC_C_LANGUAGE_STANDARD = gnu11;
				GCC_NO_COMMON_BLOCKS = YES;
				GCC_WARN_64_TO_32_BIT_CONVERSION = YES;
				GCC_WARN_ABOUT_RETURN_TYPE = YES_ERROR;
				GCC_WARN_UNDECLARED_SELECTOR = YES;
				GCC_WARN_UNINITIALIZED_AUTOS = YES_AGGRESSIVE;
				GCC_WARN_UNUSED_FUNCTION = YES;
				GCC_WARN_UNUSED_VARIABLE = YES;
				IPHONEOS_DEPLOYMENT_TARGET = 15.0;
				MTL_ENABLE_DEBUG_INFO = NO;
				MTL_FAST_MATH = YES;
				SDKROOT = iphoneos;
				SWIFT_COMPILATION_MODE = wholemodule;
				SWIFT_OPTIMIZATION_LEVEL = "-O";
				VALIDATE_PRODUCT = YES;
			};
			name = Release;
		};
		2BD0C871270DE9810047B273 /* Debug */ = {
			isa = XCBuildConfiguration;
			buildSettings = {
				ASSETCATALOG_COMPILER_APPICON_NAME = AppIcon;
				ASSETCATALOG_COMPILER_GLOBAL_ACCENT_COLOR_NAME = AccentColor;
				CODE_SIGN_STYLE = Automatic;
				CURRENT_PROJECT_VERSION = 1;
				DEVELOPMENT_ASSET_PATHS = "\"Birthdays/Preview Content\"";
				DEVELOPMENT_TEAM = 3Q29KV8QPY;
				ENABLE_PREVIEWS = YES;
				GENERATE_INFOPLIST_FILE = YES;
				INFOPLIST_FILE = Birthdays/Info.plist;
				INFOPLIST_KEY_NSContactsUsageDescription = "Allow access to get birthdays";
				INFOPLIST_KEY_UIApplicationSceneManifest_Generation = YES;
				INFOPLIST_KEY_UIApplicationSupportsIndirectInputEvents = YES;
				INFOPLIST_KEY_UISupportedInterfaceOrientations_iPad = "UIInterfaceOrientationPortrait UIInterfaceOrientationPortraitUpsideDown UIInterfaceOrientationLandscapeLeft UIInterfaceOrientationLandscapeRight";
				INFOPLIST_KEY_UISupportedInterfaceOrientations_iPhone = "UIInterfaceOrientationPortrait UIInterfaceOrientationLandscapeLeft UIInterfaceOrientationLandscapeRight";
				IPHONEOS_DEPLOYMENT_TARGET = 14.0;
				LD_RUNPATH_SEARCH_PATHS = (
					"$(inherited)",
					"@executable_path/Frameworks",
				);
				MARKETING_VERSION = 1.0;
				PRODUCT_BUNDLE_IDENTIFIER = com.matty.Birthdays;
				PRODUCT_NAME = "$(TARGET_NAME)";
				SWIFT_EMIT_LOC_STRINGS = YES;
				SWIFT_VERSION = 5.0;
				TARGETED_DEVICE_FAMILY = "1,2";
			};
			name = Debug;
		};
		2BD0C872270DE9810047B273 /* Release */ = {
			isa = XCBuildConfiguration;
			buildSettings = {
				ASSETCATALOG_COMPILER_APPICON_NAME = AppIcon;
				ASSETCATALOG_COMPILER_GLOBAL_ACCENT_COLOR_NAME = AccentColor;
				CODE_SIGN_STYLE = Automatic;
				CURRENT_PROJECT_VERSION = 1;
				DEVELOPMENT_ASSET_PATHS = "\"Birthdays/Preview Content\"";
				DEVELOPMENT_TEAM = 3Q29KV8QPY;
				ENABLE_PREVIEWS = YES;
				GENERATE_INFOPLIST_FILE = YES;
				INFOPLIST_FILE = Birthdays/Info.plist;
				INFOPLIST_KEY_NSContactsUsageDescription = "Allow access to get birthdays";
				INFOPLIST_KEY_UIApplicationSceneManifest_Generation = YES;
				INFOPLIST_KEY_UIApplicationSupportsIndirectInputEvents = YES;
				INFOPLIST_KEY_UISupportedInterfaceOrientations_iPad = "UIInterfaceOrientationPortrait UIInterfaceOrientationPortraitUpsideDown UIInterfaceOrientationLandscapeLeft UIInterfaceOrientationLandscapeRight";
				INFOPLIST_KEY_UISupportedInterfaceOrientations_iPhone = "UIInterfaceOrientationPortrait UIInterfaceOrientationLandscapeLeft UIInterfaceOrientationLandscapeRight";
				IPHONEOS_DEPLOYMENT_TARGET = 14.0;
				LD_RUNPATH_SEARCH_PATHS = (
					"$(inherited)",
					"@executable_path/Frameworks",
				);
				MARKETING_VERSION = 1.0;
				PRODUCT_BUNDLE_IDENTIFIER = com.matty.Birthdays;
				PRODUCT_NAME = "$(TARGET_NAME)";
				SWIFT_EMIT_LOC_STRINGS = YES;
				SWIFT_VERSION = 5.0;
				TARGETED_DEVICE_FAMILY = "1,2";
			};
			name = Release;
		};
		2BD0C874270DE9810047B273 /* Debug */ = {
			isa = XCBuildConfiguration;
			buildSettings = {
				ALWAYS_EMBED_SWIFT_STANDARD_LIBRARIES = YES;
				BUNDLE_LOADER = "$(TEST_HOST)";
				CODE_SIGN_STYLE = Automatic;
				CURRENT_PROJECT_VERSION = 1;
				GENERATE_INFOPLIST_FILE = YES;
				IPHONEOS_DEPLOYMENT_TARGET = 14.0;
				LD_RUNPATH_SEARCH_PATHS = (
					"$(inherited)",
					"@executable_path/Frameworks",
					"@loader_path/Frameworks",
				);
				MARKETING_VERSION = 1.0;
				PRODUCT_BUNDLE_IDENTIFIER = com.example.BirthdaysTests;
				PRODUCT_NAME = "$(TARGET_NAME)";
				SWIFT_EMIT_LOC_STRINGS = NO;
				SWIFT_VERSION = 5.0;
				TARGETED_DEVICE_FAMILY = "1,2";
				TEST_HOST = "$(BUILT_PRODUCTS_DIR)/Birthdays.app/Birthdays";
			};
			name = Debug;
		};
		2BD0C875270DE9810047B273 /* Release */ = {
			isa = XCBuildConfiguration;
			buildSettings = {
				ALWAYS_EMBED_SWIFT_STANDARD_LIBRARIES = YES;
				BUNDLE_LOADER = "$(TEST_HOST)";
				CODE_SIGN_STYLE = Automatic;
				CURRENT_PROJECT_VERSION = 1;
				GENERATE_INFOPLIST_FILE = YES;
				IPHONEOS_DEPLOYMENT_TARGET = 14.0;
				LD_RUNPATH_SEARCH_PATHS = (
					"$(inherited)",
					"@executable_path/Frameworks",
					"@loader_path/Frameworks",
				);
				MARKETING_VERSION = 1.0;
				PRODUCT_BUNDLE_IDENTIFIER = com.example.BirthdaysTests;
				PRODUCT_NAME = "$(TARGET_NAME)";
				SWIFT_EMIT_LOC_STRINGS = NO;
				SWIFT_VERSION = 5.0;
				TARGETED_DEVICE_FAMILY = "1,2";
				TEST_HOST = "$(BUILT_PRODUCTS_DIR)/Birthdays.app/Birthdays";
			};
			name = Release;
		};
/* End XCBuildConfiguration section */

/* Begin XCConfigurationList section */
		2BD0C847270DE97F0047B273 /* Build configuration list for PBXProject "Birthdays" */ = {
			isa = XCConfigurationList;
			buildConfigurations = (
				2BD0C86E270DE9810047B273 /* Debug */,
				2BD0C86F270DE9810047B273 /* Release */,
			);
			defaultConfigurationIsVisible = 0;
			defaultConfigurationName = Release;
		};
		2BD0C870270DE9810047B273 /* Build configuration list for PBXNativeTarget "Birthdays" */ = {
			isa = XCConfigurationList;
			buildConfigurations = (
				2BD0C871270DE9810047B273 /* Debug */,
				2BD0C872270DE9810047B273 /* Release */,
			);
			defaultConfigurationIsVisible = 0;
			defaultConfigurationName = Release;
		};
		2BD0C873270DE9810047B273 /* Build configuration list for PBXNativeTarget "BirthdaysTests" */ = {
			isa = XCConfigurationList;
			buildConfigurations = (
				2BD0C874270DE9810047B273 /* Debug */,
				2BD0C875270DE9810047B273 /* Release */,
			);
			defaultConfigurationIsVisible = 0;
			defaultConfigurationName = Release;
		};
/* End XCConfigurationList section */

/* Begin XCVersionGroup section */
		2B6651602717024200563295 /* Main.xcdatamodeld */ = {
			isa = XCVersionGroup;
			children = (
				2B6651612717024200563295 /* Main.xcdatamodel */,
			);
			currentVersion = 2B6651612717024200563295 /* Main.xcdatamodel */;
			path = Main.xcdatamodeld;
			sourceTree = "<group>";
			versionGroupType = wrapper.xcdatamodel;
		};
/* End XCVersionGroup section */
	};
	rootObject = 2BD0C844270DE97F0047B273 /* Project object */;
}
